
Microsoft Visual Studio Solution File, Format Version 12.00
Project("{FAE04EC0-301F-11D3-BF4B-00C04F79EFBC}") = "WebApplication0226", "WebApplication0226\WebApplication0226.csproj", "{8A030D99-E5CB-472D-96A6-ED20BAFCAD56}"
EndProject
Global
	GlobalSection(SolutionConfigurationPlatforms) = preSolution
		Debug|Any CPU = Debug|Any CPU
		Release|Any CPU = Release|Any CPU
	EndGlobalSection
	GlobalSection(ProjectConfigurationPlatforms) = postSolution
		{8A030D99-E5CB-472D-96A6-ED20BAFCAD56}.Debug|Any CPU.ActiveCfg = Debug|Any CPU
		{8A030D99-E5CB-472D-96A6-ED20BAFCAD56}.Debug|Any CPU.Build.0 = Debug|Any CPU
		{8A030D99-E5CB-472D-96A6-ED20BAFCAD56}.Release|Any CPU.ActiveCfg = Release|Any CPU
		{8A030D99-E5CB-472D-96A6-ED20BAFCAD56}.Release|Any CPU.Build.0 = Release|Any CPU
	EndGlobalSection
EndGlobal
